{
  "name": "Myprofile",
  "lockfileVersion": 3,
  "requires": true,
  "packages": {
    "": {
      "dependencies": {
        "jquery-scrollify": "^1.0.21"
      }
    },
    "node_modules/jquery": {
      "version": "3.6.4",
      "resolved": "https://registry.npmjs.org/jquery/-/jquery-3.6.4.tgz",
      "integrity": "sha512-v28EW9DWDFpzcD9O5iyJXg3R3+q+mET5JhnjJzQUZMHOv67bpSIHq81GEYpPNZHG+XXHsfSme3nxp/hndKEcsQ=="
    },
    "node_modules/jquery-scrollify": {
      "version": "1.0.21",
      "resolved": "https://registry.npmjs.org/jquery-scrollify/-/jquery-scrollify-1.0.21.tgz",
      "integrity": "sha512-uh/ltqmyIV8h1AvuQH0foZdSWVNqJglV0+WL84qOJMYWfvB7OxXDFfmfKUUOHSi1WnhYlKbi6QeRRb7x0pJJbQ==",
      "dependencies": {
        "jquery": ">=1.7"
      }
    }
  }
}
